
Microsoft Visual Studio Solution File, Format Version 12.00
# Visual Studio Version 17
VisualStudioVersion = 17.12.35506.116 d17.12
MinimumVisualStudioVersion = 10.0.40219.1
Project("{8BC9CEB8-8B4A-11D0-8D11-00A0C91BC942}") = "VGE.Core", "VGE.Core\VGE.Core.vcxproj", "{53A6777C-CE4D-42A5-BE8D-EAFFF1D78898}"
EndProject
Project("{8BC9CEB8-8B4A-11D0-8D11-00A0C91BC942}") = "VGE.Editor", "VGE.Editor\VGE.Editor.vcxproj", "{879E67C1-66AC-4A18-A489-203B275F5BAF}"
EndProject
Project("{8BC9CEB8-8B4A-11D0-8D11-00A0C91BC942}") = "VGE.Scripting", "VGE.Scripting\VGE.Scripting.vcxproj", "{D7CFAE8A-00AA-4062-AC29-AD9DB61B1715}"
EndProject
Project("{8BC9CEB8-8B4A-11D0-8D11-00A0C91BC942}") = "VGE.Voxel", "VGE.Voxel\VGE.Voxel.vcxproj", "{EFDA713D-C2C8-4462-AC0C-4AB459CA671E}"
EndProject
Project("{2150E333-8FDC-42A3-9474-1A3956D46DE8}") = "Testing", "Testing", "{BC0F2182-B8A1-447B-B14A-4F0066DAFB82}"
EndProject
Project("{2150E333-8FDC-42A3-9474-1A3956D46DE8}") = "Third Party", "Third Party", "{F5CEF43C-05D2-459A-81B2-E9682A0118AB}"
EndProject
Project("{8BC9CEB8-8B4A-11D0-8D11-00A0C91BC942}") = "VGE.Ray Tracing", "VGE.RayTracing\VGE.RayTracing.vcxproj", "{8880F48E-0140-400D-9ACA-EC34799DDB89}"
EndProject
Project("{8BC9CEB8-8B4A-11D0-8D11-00A0C91BC942}") = "VGE.Machine Learning", "VGE.MachineLearning\VGE.MachineLearning.vcxproj", "{0CE3AFB3-5DC4-491E-B57B-80D3C830B672}"
EndProject
Project("{8BC9CEB8-8B4A-11D0-8D11-00A0C91BC942}") = "VGE.Streaming", "VGE.Streaming\VGE.Streaming.vcxproj", "{83F25E12-82CC-4DCF-A321-41CD73FFD488}"
EndProject
Project("{8BC9CEB8-8B4A-11D0-8D11-00A0C91BC942}") = "VGE.Spatial Partitioning", "VGE.Spatial Partitioning\VGE.Spatial Partitioning.vcxproj", "{AD5E3E28-9EFD-43B8-AF66-3D19F52FE807}"
EndProject
Project("{8BC9CEB8-8B4A-11D0-8D11-00A0C91BC942}") = "VGE.Rendering Pipeline", "VGE.Rendering Pipeline\VGE.Rendering Pipeline.vcxproj", "{7A459C17-4811-4842-B664-0FC28AB4930E}"
EndProject
Project("{8BC9CEB8-8B4A-11D0-8D11-00A0C91BC942}") = "VGE.Virtual Production", "VGE.Virtual Production\VGE.Virtual Production.vcxproj", "{0F804189-28FF-4EF4-87E2-52C75D23CE46}"
EndProject
Project("{8BC9CEB8-8B4A-11D0-8D11-00A0C91BC942}") = "VGE.Cloud Integration", "VGE.Cloud Integration\VGE.Cloud Integration.vcxproj", "{8490CB90-AAF1-48E6-9D48-3A06775C4386}"
EndProject
Project("{8BC9CEB8-8B4A-11D0-8D11-00A0C91BC942}") = "VGE.Dynamic Lighting", "VGE.Dynamic Lighting\VGE.Dynamic Lighting.vcxproj", "{44C3184A-71C7-49FD-B42C-F3CDBA2E9D8C}"
EndProject
Global
	GlobalSection(SolutionConfigurationPlatforms) = preSolution
		Debug|x64 = Debug|x64
		Debug|x86 = Debug|x86
		Release|x64 = Release|x64
		Release|x86 = Release|x86
	EndGlobalSection
	GlobalSection(ProjectConfigurationPlatforms) = postSolution
		{53A6777C-CE4D-42A5-BE8D-EAFFF1D78898}.Debug|x64.ActiveCfg = Debug|x64
		{53A6777C-CE4D-42A5-BE8D-EAFFF1D78898}.Debug|x64.Build.0 = Debug|x64
		{53A6777C-CE4D-42A5-BE8D-EAFFF1D78898}.Debug|x86.ActiveCfg = Debug|Win32
		{53A6777C-CE4D-42A5-BE8D-EAFFF1D78898}.Debug|x86.Build.0 = Debug|Win32
		{53A6777C-CE4D-42A5-BE8D-EAFFF1D78898}.Release|x64.ActiveCfg = Release|x64
		{53A6777C-CE4D-42A5-BE8D-EAFFF1D78898}.Release|x64.Build.0 = Release|x64
		{53A6777C-CE4D-42A5-BE8D-EAFFF1D78898}.Release|x86.ActiveCfg = Release|Win32
		{53A6777C-CE4D-42A5-BE8D-EAFFF1D78898}.Release|x86.Build.0 = Release|Win32
		{879E67C1-66AC-4A18-A489-203B275F5BAF}.Debug|x64.ActiveCfg = Debug|x64
		{879E67C1-66AC-4A18-A489-203B275F5BAF}.Debug|x64.Build.0 = Debug|x64
		{879E67C1-66AC-4A18-A489-203B275F5BAF}.Debug|x86.ActiveCfg = Debug|Win32
		{879E67C1-66AC-4A18-A489-203B275F5BAF}.Debug|x86.Build.0 = Debug|Win32
		{879E67C1-66AC-4A18-A489-203B275F5BAF}.Release|x64.ActiveCfg = Release|x64
		{879E67C1-66AC-4A18-A489-203B275F5BAF}.Release|x64.Build.0 = Release|x64
		{879E67C1-66AC-4A18-A489-203B275F5BAF}.Release|x86.ActiveCfg = Release|Win32
		{879E67C1-66AC-4A18-A489-203B275F5BAF}.Release|x86.Build.0 = Release|Win32
		{D7CFAE8A-00AA-4062-AC29-AD9DB61B1715}.Debug|x64.ActiveCfg = Debug|x64
		{D7CFAE8A-00AA-4062-AC29-AD9DB61B1715}.Debug|x64.Build.0 = Debug|x64
		{D7CFAE8A-00AA-4062-AC29-AD9DB61B1715}.Debug|x86.ActiveCfg = Debug|Win32
		{D7CFAE8A-00AA-4062-AC29-AD9DB61B1715}.Debug|x86.Build.0 = Debug|Win32
		{D7CFAE8A-00AA-4062-AC29-AD9DB61B1715}.Release|x64.ActiveCfg = Release|x64
		{D7CFAE8A-00AA-4062-AC29-AD9DB61B1715}.Release|x64.Build.0 = Release|x64
		{D7CFAE8A-00AA-4062-AC29-AD9DB61B1715}.Release|x86.ActiveCfg = Release|Win32
		{D7CFAE8A-00AA-4062-AC29-AD9DB61B1715}.Release|x86.Build.0 = Release|Win32
		{EFDA713D-C2C8-4462-AC0C-4AB459CA671E}.Debug|x64.ActiveCfg = Debug|x64
		{EFDA713D-C2C8-4462-AC0C-4AB459CA671E}.Debug|x64.Build.0 = Debug|x64
		{EFDA713D-C2C8-4462-AC0C-4AB459CA671E}.Debug|x86.ActiveCfg = Debug|Win32
		{EFDA713D-C2C8-4462-AC0C-4AB459CA671E}.Debug|x86.Build.0 = Debug|Win32
		{EFDA713D-C2C8-4462-AC0C-4AB459CA671E}.Release|x64.ActiveCfg = Release|x64
		{EFDA713D-C2C8-4462-AC0C-4AB459CA671E}.Release|x64.Build.0 = Release|x64
		{EFDA713D-C2C8-4462-AC0C-4AB459CA671E}.Release|x86.ActiveCfg = Release|Win32
		{EFDA713D-C2C8-4462-AC0C-4AB459CA671E}.Release|x86.Build.0 = Release|Win32
		{8880F48E-0140-400D-9ACA-EC34799DDB89}.Debug|x64.ActiveCfg = Debug|x64
		{8880F48E-0140-400D-9ACA-EC34799DDB89}.Debug|x64.Build.0 = Debug|x64
		{8880F48E-0140-400D-9ACA-EC34799DDB89}.Debug|x86.ActiveCfg = Debug|Win32
		{8880F48E-0140-400D-9ACA-EC34799DDB89}.Debug|x86.Build.0 = Debug|Win32
		{8880F48E-0140-400D-9ACA-EC34799DDB89}.Release|x64.ActiveCfg = Release|x64
		{8880F48E-0140-400D-9ACA-EC34799DDB89}.Release|x64.Build.0 = Release|x64
		{8880F48E-0140-400D-9ACA-EC34799DDB89}.Release|x86.ActiveCfg = Release|Win32
		{8880F48E-0140-400D-9ACA-EC34799DDB89}.Release|x86.Build.0 = Release|Win32
		{0CE3AFB3-5DC4-491E-B57B-80D3C830B672}.Debug|x64.ActiveCfg = Debug|x64
		{0CE3AFB3-5DC4-491E-B57B-80D3C830B672}.Debug|x64.Build.0 = Debug|x64
		{0CE3AFB3-5DC4-491E-B57B-80D3C830B672}.Debug|x86.ActiveCfg = Debug|Win32
		{0CE3AFB3-5DC4-491E-B57B-80D3C830B672}.Debug|x86.Build.0 = Debug|Win32
		{0CE3AFB3-5DC4-491E-B57B-80D3C830B672}.Release|x64.ActiveCfg = Release|x64
		{0CE3AFB3-5DC4-491E-B57B-80D3C830B672}.Release|x64.Build.0 = Release|x64
		{0CE3AFB3-5DC4-491E-B57B-80D3C830B672}.Release|x86.ActiveCfg = Release|Win32
		{0CE3AFB3-5DC4-491E-B57B-80D3C830B672}.Release|x86.Build.0 = Release|Win32
		{83F25E12-82CC-4DCF-A321-41CD73FFD488}.Debug|x64.ActiveCfg = Debug|x64
		{83F25E12-82CC-4DCF-A321-41CD73FFD488}.Debug|x64.Build.0 = Debug|x64
		{83F25E12-82CC-4DCF-A321-41CD73FFD488}.Debug|x86.ActiveCfg = Debug|Win32
		{83F25E12-82CC-4DCF-A321-41CD73FFD488}.Debug|x86.Build.0 = Debug|Win32
		{83F25E12-82CC-4DCF-A321-41CD73FFD488}.Release|x64.ActiveCfg = Release|x64
		{83F25E12-82CC-4DCF-A321-41CD73FFD488}.Release|x64.Build.0 = Release|x64
		{83F25E12-82CC-4DCF-A321-41CD73FFD488}.Release|x86.ActiveCfg = Release|Win32
		{83F25E12-82CC-4DCF-A321-41CD73FFD488}.Release|x86.Build.0 = Release|Win32
		{AD5E3E28-9EFD-43B8-AF66-3D19F52FE807}.Debug|x64.ActiveCfg = Debug|x64
		{AD5E3E28-9EFD-43B8-AF66-3D19F52FE807}.Debug|x64.Build.0 = Debug|x64
		{AD5E3E28-9EFD-43B8-AF66-3D19F52FE807}.Debug|x86.ActiveCfg = Debug|Win32
		{AD5E3E28-9EFD-43B8-AF66-3D19F52FE807}.Debug|x86.Build.0 = Debug|Win32
		{AD5E3E28-9EFD-43B8-AF66-3D19F52FE807}.Release|x64.ActiveCfg = Release|x64
		{AD5E3E28-9EFD-43B8-AF66-3D19F52FE807}.Release|x64.Build.0 = Release|x64
		{AD5E3E28-9EFD-43B8-AF66-3D19F52FE807}.Release|x86.ActiveCfg = Release|Win32
		{AD5E3E28-9EFD-43B8-AF66-3D19F52FE807}.Release|x86.Build.0 = Release|Win32
		{7A459C17-4811-4842-B664-0FC28AB4930E}.Debug|x64.ActiveCfg = Debug|x64
		{7A459C17-4811-4842-B664-0FC28AB4930E}.Debug|x64.Build.0 = Debug|x64
		{7A459C17-4811-4842-B664-0FC28AB4930E}.Debug|x86.ActiveCfg = Debug|Win32
		{7A459C17-4811-4842-B664-0FC28AB4930E}.Debug|x86.Build.0 = Debug|Win32
		{7A459C17-4811-4842-B664-0FC28AB4930E}.Release|x64.ActiveCfg = Release|x64
		{7A459C17-4811-4842-B664-0FC28AB4930E}.Release|x64.Build.0 = Release|x64
		{7A459C17-4811-4842-B664-0FC28AB4930E}.Release|x86.ActiveCfg = Release|Win32
		{7A459C17-4811-4842-B664-0FC28AB4930E}.Release|x86.Build.0 = Release|Win32
		{0F804189-28FF-4EF4-87E2-52C75D23CE46}.Debug|x64.ActiveCfg = Debug|x64
		{0F804189-28FF-4EF4-87E2-52C75D23CE46}.Debug|x64.Build.0 = Debug|x64
		{0F804189-28FF-4EF4-87E2-52C75D23CE46}.Debug|x86.ActiveCfg = Debug|Win32
		{0F804189-28FF-4EF4-87E2-52C75D23CE46}.Debug|x86.Build.0 = Debug|Win32
		{0F804189-28FF-4EF4-87E2-52C75D23CE46}.Release|x64.ActiveCfg = Release|x64
		{0F804189-28FF-4EF4-87E2-52C75D23CE46}.Release|x64.Build.0 = Release|x64
		{0F804189-28FF-4EF4-87E2-52C75D23CE46}.Release|x86.ActiveCfg = Release|Win32
		{0F804189-28FF-4EF4-87E2-52C75D23CE46}.Release|x86.Build.0 = Release|Win32
		{8490CB90-AAF1-48E6-9D48-3A06775C4386}.Debug|x64.ActiveCfg = Debug|x64
		{8490CB90-AAF1-48E6-9D48-3A06775C4386}.Debug|x64.Build.0 = Debug|x64
		{8490CB90-AAF1-48E6-9D48-3A06775C4386}.Debug|x86.ActiveCfg = Debug|Win32
		{8490CB90-AAF1-48E6-9D48-3A06775C4386}.Debug|x86.Build.0 = Debug|Win32
		{8490CB90-AAF1-48E6-9D48-3A06775C4386}.Release|x64.ActiveCfg = Release|x64
		{8490CB90-AAF1-48E6-9D48-3A06775C4386}.Release|x64.Build.0 = Release|x64
		{8490CB90-AAF1-48E6-9D48-3A06775C4386}.Release|x86.ActiveCfg = Release|Win32
		{8490CB90-AAF1-48E6-9D48-3A06775C4386}.Release|x86.Build.0 = Release|Win32
		{44C3184A-71C7-49FD-B42C-F3CDBA2E9D8C}.Debug|x64.ActiveCfg = Debug|x64
		{44C3184A-71C7-49FD-B42C-F3CDBA2E9D8C}.Debug|x64.Build.0 = Debug|x64
		{44C3184A-71C7-49FD-B42C-F3CDBA2E9D8C}.Debug|x86.ActiveCfg = Debug|Win32
		{44C3184A-71C7-49FD-B42C-F3CDBA2E9D8C}.Debug|x86.Build.0 = Debug|Win32
		{44C3184A-71C7-49FD-B42C-F3CDBA2E9D8C}.Release|x64.ActiveCfg = Release|x64
		{44C3184A-71C7-49FD-B42C-F3CDBA2E9D8C}.Release|x64.Build.0 = Release|x64
		{44C3184A-71C7-49FD-B42C-F3CDBA2E9D8C}.Release|x86.ActiveCfg = Release|Win32
		{44C3184A-71C7-49FD-B42C-F3CDBA2E9D8C}.Release|x86.Build.0 = Release|Win32
	EndGlobalSection
	GlobalSection(SolutionProperties) = preSolution
		HideSolutionNode = FALSE
	EndGlobalSection
EndGlobal
