<?xml version="1.0" encoding="utf-8"?>
<Project ToolsVersion="4.0" xmlns="http://schemas.microsoft.com/developer/msbuild/2003">
  <ItemGroup>
    <Filter Include="Resource Files">
      <UniqueIdentifier>{67DA6AB6-F800-4c08-8B7A-83BB121AAD01}</UniqueIdentifier>
      <Extensions>rc;ico;cur;bmp;dlg;rc2;rct;bin;rgs;gif;jpg;jpeg;jpe;resx;tiff;tif;png;wav;mfcribbon-ms</Extensions>
    </Filter>
    <Filter Include="Math">
      <UniqueIdentifier>{8f59d3ce-f062-4b4f-88e6-43ec1ab08ebe}</UniqueIdentifier>
    </Filter>
    <Filter Include="Math\Header Files">
      <UniqueIdentifier>{38f857bb-1d46-415e-8476-df4aaee612da}</UniqueIdentifier>
    </Filter>
    <Filter Include="Math\Source Files">
      <UniqueIdentifier>{c0a1f821-82c9-4e65-867b-cf3a4ed16690}</UniqueIdentifier>
    </Filter>
    <Filter Include="Rendering">
      <UniqueIdentifier>{5f743353-53b0-4a2b-b5fb-8bbac28182f5}</UniqueIdentifier>
    </Filter>
    <Filter Include="Scene">
      <UniqueIdentifier>{85db09e1-1a19-4cef-ad5e-60db1e9d743e}</UniqueIdentifier>
    </Filter>
    <Filter Include="UI">
      <UniqueIdentifier>{e8b91930-d287-42a6-a80a-9013babcfea8}</UniqueIdentifier>
    </Filter>
    <Filter Include="UI\Header Files">
      <UniqueIdentifier>{29fb2e87-e869-4351-b610-5e0d2304e75b}</UniqueIdentifier>
    </Filter>
    <Filter Include="UI\Source Files">
      <UniqueIdentifier>{fe24608f-a20a-4c88-8702-a50ee4240ce1}</UniqueIdentifier>
    </Filter>
    <Filter Include="AI">
      <UniqueIdentifier>{2eb6d27e-0fdb-4b5d-bed9-553fa084450a}</UniqueIdentifier>
    </Filter>
    <Filter Include="AI\Header Files">
      <UniqueIdentifier>{fbd4b6ec-e647-4d3e-a23e-23e8706288cf}</UniqueIdentifier>
    </Filter>
    <Filter Include="AI\Source Files">
      <UniqueIdentifier>{919876bb-c9d6-4554-9bae-ee1dfcc23408}</UniqueIdentifier>
    </Filter>
    <Filter Include="Components">
      <UniqueIdentifier>{a5b8d99a-0c42-49fb-a3a0-c180858d80ad}</UniqueIdentifier>
    </Filter>
    <Filter Include="Components\Header Files">
      <UniqueIdentifier>{d8365a0c-6eb4-42b6-9c94-3f721d628857}</UniqueIdentifier>
    </Filter>
    <Filter Include="Components\Source Files">
      <UniqueIdentifier>{1ed0c088-ab20-4cc3-9709-4bc0fc93fee7}</UniqueIdentifier>
    </Filter>
    <Filter Include="Data Structures">
      <UniqueIdentifier>{c71fdaa9-6a11-4984-8bca-d5fedcea295d}</UniqueIdentifier>
    </Filter>
    <Filter Include="Data Structures\Header Files">
      <UniqueIdentifier>{719f93fe-9c19-4642-a818-42ef07bf64fe}</UniqueIdentifier>
    </Filter>
    <Filter Include="Data Structures\Source Files">
      <UniqueIdentifier>{60a57ee5-747e-4aa1-8a13-a32d2678f5ce}</UniqueIdentifier>
    </Filter>
    <Filter Include="Events">
      <UniqueIdentifier>{6f99f918-5d44-40f9-977a-a71fc89a35c1}</UniqueIdentifier>
    </Filter>
    <Filter Include="Events\Header Files">
      <UniqueIdentifier>{edc163dc-b4fd-4e1d-9775-b7b5eac55bcb}</UniqueIdentifier>
    </Filter>
    <Filter Include="Events\Source Files">
      <UniqueIdentifier>{d1864d1e-fd69-46d5-91e9-8967b24b7d28}</UniqueIdentifier>
    </Filter>
    <Filter Include="Input">
      <UniqueIdentifier>{049aecd2-0297-41ea-9ba2-7d872ddf9e04}</UniqueIdentifier>
    </Filter>
    <Filter Include="Input\Header Files">
      <UniqueIdentifier>{ff7623fe-8eb8-4164-8d1e-085151c41809}</UniqueIdentifier>
    </Filter>
    <Filter Include="Input\Source Files">
      <UniqueIdentifier>{62682a1f-c1e8-4d6e-a2a5-45b4b829cd1e}</UniqueIdentifier>
    </Filter>
    <Filter Include="Interfaces">
      <UniqueIdentifier>{84b4d939-8a14-49d8-bdd8-52dc90d2e561}</UniqueIdentifier>
    </Filter>
    <Filter Include="Scripting">
      <UniqueIdentifier>{0ecddc53-5c84-4514-9a52-8944c7e70c8a}</UniqueIdentifier>
    </Filter>
    <Filter Include="Serialization">
      <UniqueIdentifier>{29d884b1-7edd-4047-993f-721cde3d1f13}</UniqueIdentifier>
    </Filter>
    <Filter Include="Serialization\Header Files">
      <UniqueIdentifier>{80b3f1f0-d54b-4718-846f-02f88fb700ac}</UniqueIdentifier>
    </Filter>
    <Filter Include="Serialization\Source Files">
      <UniqueIdentifier>{b9d2c37a-7e68-4e82-aa89-2662ea740334}</UniqueIdentifier>
    </Filter>
    <Filter Include="Utils">
      <UniqueIdentifier>{4b34933d-a5eb-4a35-898f-39a8a0fcd92e}</UniqueIdentifier>
    </Filter>
    <Filter Include="Utils\Header Files">
      <UniqueIdentifier>{3b44c98f-eec5-40e8-a0d6-1b56e8181d7f}</UniqueIdentifier>
    </Filter>
    <Filter Include="Utils\Source Files">
      <UniqueIdentifier>{7536bcda-a8a7-4840-9eb0-aa6739f41750}</UniqueIdentifier>
    </Filter>
    <Filter Include="Core">
      <UniqueIdentifier>{60779fca-c02a-47b1-be88-553e1d0083e1}</UniqueIdentifier>
    </Filter>
    <Filter Include="Core\Source Files">
      <UniqueIdentifier>{4FC737F1-C7A5-4376-A066-2A32D752A2FF}</UniqueIdentifier>
      <Extensions>cpp;c;cc;cxx;c++;cppm;ixx;def;odl;idl;hpj;bat;asm;asmx</Extensions>
    </Filter>
    <Filter Include="Core\Header Files">
      <UniqueIdentifier>{93995380-89BD-4b04-88EB-625FBE52EBFB}</UniqueIdentifier>
      <Extensions>h;hh;hpp;hxx;h++;hm;inl;inc;ipp;xsd</Extensions>
    </Filter>
    <Filter Include="Rendering\Renderers">
      <UniqueIdentifier>{3e5cf91c-4bfa-4589-a992-8d0b1b298ea0}</UniqueIdentifier>
    </Filter>
    <Filter Include="Rendering\Shaders">
      <UniqueIdentifier>{e41367e4-8115-451f-848e-336867a066a7}</UniqueIdentifier>
    </Filter>
    <Filter Include="Rendering\Shaders\Header Files">
      <UniqueIdentifier>{9a0dca54-b3a5-4146-bcae-8afce0dbe742}</UniqueIdentifier>
    </Filter>
    <Filter Include="Rendering\Shaders\Source Files">
      <UniqueIdentifier>{c43e93e3-f03f-4274-9095-6f788a517b6e}</UniqueIdentifier>
    </Filter>
    <Filter Include="Rendering\Renderers\Header Files">
      <UniqueIdentifier>{502cba89-22dd-4316-9d70-07f393de3c72}</UniqueIdentifier>
    </Filter>
    <Filter Include="Rendering\Renderers\Source Files">
      <UniqueIdentifier>{359be274-bf6e-4da6-9429-f5b08f391b6e}</UniqueIdentifier>
    </Filter>
    <Filter Include="Interfaces\Audio">
      <UniqueIdentifier>{edc64ad1-0b44-4401-83e9-4a3a017b2d9c}</UniqueIdentifier>
    </Filter>
    <Filter Include="Interfaces\General">
      <UniqueIdentifier>{ca2b8aeb-9518-47b4-aa50-a9a8c874bd2b}</UniqueIdentifier>
    </Filter>
    <Filter Include="Interfaces\Network">
      <UniqueIdentifier>{256741d3-ed47-438f-bf9a-15ba0dae5615}</UniqueIdentifier>
    </Filter>
    <Filter Include="Interfaces\Physics">
      <UniqueIdentifier>{8d35d79c-42a5-4fde-885a-11b68902d880}</UniqueIdentifier>
    </Filter>
    <Filter Include="Interfaces\Rendering">
      <UniqueIdentifier>{e9f9c773-2690-432d-8bb6-d026fc865241}</UniqueIdentifier>
    </Filter>
    <Filter Include="Interfaces\Scene">
      <UniqueIdentifier>{156a433f-6ade-4652-a7c0-e65a95662a34}</UniqueIdentifier>
    </Filter>
    <Filter Include="Interfaces\UI">
      <UniqueIdentifier>{f5cfe241-7feb-473d-a68f-cd782bdf2a5e}</UniqueIdentifier>
    </Filter>
    <Filter Include="Interfaces\Audio\Header Files">
      <UniqueIdentifier>{0f628fda-8fa2-4995-837e-e4254010da09}</UniqueIdentifier>
    </Filter>
    <Filter Include="Interfaces\Audio\Source Files">
      <UniqueIdentifier>{12e902f5-941f-40ae-9178-ede3142eb879}</UniqueIdentifier>
    </Filter>
    <Filter Include="Interfaces\General\Header Files">
      <UniqueIdentifier>{3fd29ce7-f5f3-420e-a61f-c356508a2183}</UniqueIdentifier>
    </Filter>
    <Filter Include="Interfaces\General\Source Files">
      <UniqueIdentifier>{8a7515db-06d6-4a8e-b3ce-10984a76f92f}</UniqueIdentifier>
    </Filter>
    <Filter Include="Interfaces\Network\Header Files">
      <UniqueIdentifier>{190e6672-42c5-4bff-a137-b8360e22ae97}</UniqueIdentifier>
    </Filter>
    <Filter Include="Interfaces\Network\Source Files">
      <UniqueIdentifier>{a53c2d96-00af-40a9-9ed6-0828cb2e0da9}</UniqueIdentifier>
    </Filter>
    <Filter Include="Interfaces\UI\Header Files">
      <UniqueIdentifier>{18407809-5a4e-47ba-8890-f3c2fcae0f4e}</UniqueIdentifier>
    </Filter>
    <Filter Include="Interfaces\UI\Source Files">
      <UniqueIdentifier>{a5038134-9e90-4e17-81f3-6606230c62e5}</UniqueIdentifier>
    </Filter>
    <Filter Include="Interfaces\Scene\Header Files">
      <UniqueIdentifier>{bfc5d1f8-1ec0-49a2-bb7e-b623f19253f0}</UniqueIdentifier>
    </Filter>
    <Filter Include="Interfaces\Scene\Source Files">
      <UniqueIdentifier>{b91e1ef5-ab2c-4aa1-b5f5-ffeb562e7c8d}</UniqueIdentifier>
    </Filter>
    <Filter Include="Interfaces\Rendering\Header Files">
      <UniqueIdentifier>{b417d7ce-44e7-4865-9592-5676ec0ccc2c}</UniqueIdentifier>
    </Filter>
    <Filter Include="Interfaces\Rendering\Source Files">
      <UniqueIdentifier>{f2ebee14-0e9d-4fa3-9f3b-b3c5d5cb85fc}</UniqueIdentifier>
    </Filter>
    <Filter Include="Interfaces\Physics\Header Files">
      <UniqueIdentifier>{01ce408e-5bf7-4963-85b3-e8a850fb91a4}</UniqueIdentifier>
    </Filter>
    <Filter Include="Interfaces\Physics\Source Files">
      <UniqueIdentifier>{fdbc90a9-c137-46f1-9b01-98ece878f262}</UniqueIdentifier>
    </Filter>
    <Filter Include="Scene\AI">
      <UniqueIdentifier>{2a595a12-5a33-42ea-8b11-5a40eb0f8baf}</UniqueIdentifier>
    </Filter>
    <Filter Include="Scene\AI\Header Files">
      <UniqueIdentifier>{7f753ef2-5d85-4912-a8d0-c9c2ff88f7cb}</UniqueIdentifier>
    </Filter>
    <Filter Include="Scene\AI\Source Files">
      <UniqueIdentifier>{b4c36dd9-d3d0-42ce-9153-6d172000fd81}</UniqueIdentifier>
    </Filter>
    <Filter Include="Scene\Animation">
      <UniqueIdentifier>{5a0be70b-395d-4264-8b0c-086a8d0be10a}</UniqueIdentifier>
    </Filter>
    <Filter Include="Scene\Components">
      <UniqueIdentifier>{135138d8-9dd1-4500-9dbc-ff7d014921e3}</UniqueIdentifier>
    </Filter>
    <Filter Include="Scene\Events">
      <UniqueIdentifier>{d9edec51-1caf-466a-a287-7ab2ac987ed8}</UniqueIdentifier>
    </Filter>
    <Filter Include="Scene\General">
      <UniqueIdentifier>{01dd5f82-e214-4b93-ab79-9a2f0dfbf64e}</UniqueIdentifier>
    </Filter>
    <Filter Include="Scene\Object Management">
      <UniqueIdentifier>{d4b64d6d-84ab-4752-aec3-fcd8b2f2c651}</UniqueIdentifier>
    </Filter>
    <Filter Include="Scene\Physics">
      <UniqueIdentifier>{26b5168c-857d-4356-aac7-b5a5494ca9e9}</UniqueIdentifier>
    </Filter>
    <Filter Include="Scene\Rendering">
      <UniqueIdentifier>{e7065834-8789-4fe1-bd1f-943bb2244b2a}</UniqueIdentifier>
    </Filter>
    <Filter Include="Scene\Scene Graph">
      <UniqueIdentifier>{45e2e024-3e24-42a4-8ac4-2dcd8bc211d2}</UniqueIdentifier>
    </Filter>
    <Filter Include="Scene\Serialization">
      <UniqueIdentifier>{c8c372e4-44df-4335-ade7-fc0672c87ff1}</UniqueIdentifier>
    </Filter>
    <Filter Include="Scene\Spatial Partitioning">
      <UniqueIdentifier>{36f415b2-a780-4f79-94f3-095b001d0057}</UniqueIdentifier>
    </Filter>
    <Filter Include="Scene\Animation\Header Files">
      <UniqueIdentifier>{6122318f-47c8-4a58-a80b-9c2d559d29dd}</UniqueIdentifier>
    </Filter>
    <Filter Include="Scene\Animation\Source Files">
      <UniqueIdentifier>{a0b6472e-18bf-4b0f-9804-80baa4df9356}</UniqueIdentifier>
    </Filter>
    <Filter Include="Scene\Components\Header Files">
      <UniqueIdentifier>{cc987dbd-c258-41d4-a9b9-41af51e6f0c1}</UniqueIdentifier>
    </Filter>
    <Filter Include="Scene\Components\Source Files">
      <UniqueIdentifier>{5dea6387-d3e4-4f0b-b7f1-7b00a16397ec}</UniqueIdentifier>
    </Filter>
    <Filter Include="Scene\Events\Header Files">
      <UniqueIdentifier>{6b8e7ebc-9686-4f33-865b-ef788c60051b}</UniqueIdentifier>
    </Filter>
    <Filter Include="Scene\Events\Source Files">
      <UniqueIdentifier>{4404fc1c-b690-4be8-b1cb-d3accbecd279}</UniqueIdentifier>
    </Filter>
    <Filter Include="Scene\General\Header Files">
      <UniqueIdentifier>{d2f1bf72-3330-4153-9284-c0b85dc30176}</UniqueIdentifier>
    </Filter>
    <Filter Include="Scene\General\Source Files">
      <UniqueIdentifier>{1529316b-285a-45f4-b11e-e94aec0a95db}</UniqueIdentifier>
    </Filter>
    <Filter Include="Scene\Spatial Partitioning\Header Files">
      <UniqueIdentifier>{e67b2c0a-f819-4392-b7cb-fd0642368047}</UniqueIdentifier>
    </Filter>
    <Filter Include="Scene\Spatial Partitioning\Source Files">
      <UniqueIdentifier>{a7578334-99b1-461d-b7cb-d876490b28fb}</UniqueIdentifier>
    </Filter>
    <Filter Include="Scene\Serialization\Header Files">
      <UniqueIdentifier>{af724390-68fa-4588-a506-77f788431272}</UniqueIdentifier>
    </Filter>
    <Filter Include="Scene\Serialization\Source Files">
      <UniqueIdentifier>{24c8057a-4a4c-4b12-9ba5-44616d92161b}</UniqueIdentifier>
    </Filter>
    <Filter Include="Scene\Scene Graph\Header Files">
      <UniqueIdentifier>{ff33f4fa-d3b2-4271-ae70-1d5216e10e4a}</UniqueIdentifier>
    </Filter>
    <Filter Include="Scene\Scene Graph\Source Files">
      <UniqueIdentifier>{cd20fae1-523b-4501-b3fd-1acade254a0e}</UniqueIdentifier>
    </Filter>
    <Filter Include="Scene\Rendering\Header Files">
      <UniqueIdentifier>{c78579d2-f265-480f-a2af-4b694718c4e0}</UniqueIdentifier>
    </Filter>
    <Filter Include="Scene\Rendering\Source Files">
      <UniqueIdentifier>{9c06ec66-6158-4cef-aa63-e0821501b269}</UniqueIdentifier>
    </Filter>
    <Filter Include="Scene\Physics\Header Files">
      <UniqueIdentifier>{b790816f-2e74-4666-9ab4-59500d592403}</UniqueIdentifier>
    </Filter>
    <Filter Include="Scene\Physics\Source Files">
      <UniqueIdentifier>{568a41a8-6339-4542-af57-0ea185258997}</UniqueIdentifier>
    </Filter>
    <Filter Include="Scene\Object Management\Header Files">
      <UniqueIdentifier>{af2578fb-f513-4b8b-8fbb-aec7d9c56d9d}</UniqueIdentifier>
    </Filter>
    <Filter Include="Scene\Object Management\Source Files">
      <UniqueIdentifier>{a88cedef-d59f-4ebc-b179-412df34473b2}</UniqueIdentifier>
    </Filter>
    <Filter Include="Scripting\Graph">
      <UniqueIdentifier>{1b5586b6-38d0-4b6b-b869-68505162e980}</UniqueIdentifier>
    </Filter>
    <Filter Include="Scripting\Graph\Header Files">
      <UniqueIdentifier>{556fc753-10d3-4ea9-b085-c02bfd2b2906}</UniqueIdentifier>
    </Filter>
    <Filter Include="Scripting\Graph\Source Files">
      <UniqueIdentifier>{423e7e36-afdb-4b09-a05c-24b482999f88}</UniqueIdentifier>
    </Filter>
    <Filter Include="Scripting\Scripting Engines">
      <UniqueIdentifier>{34228737-8cdd-4c26-860d-b54f6bcc53f5}</UniqueIdentifier>
    </Filter>
    <Filter Include="Scripting\Scripting Engines\Header Files">
      <UniqueIdentifier>{5a9e4041-39ed-4071-909c-acf73bac6d49}</UniqueIdentifier>
    </Filter>
    <Filter Include="Scripting\Scripting Engines\Source Files">
      <UniqueIdentifier>{a9523d6b-16ea-4f5f-be79-76c5575cb6d9}</UniqueIdentifier>
    </Filter>
  </ItemGroup>
  <ItemGroup>
    <ClInclude Include="Components\Header Files\AudioComponent.h">
      <Filter>Components\Header Files</Filter>
    </ClInclude>
    <ClInclude Include="Components\Header Files\Component.h">
      <Filter>Components\Header Files</Filter>
    </ClInclude>
    <ClInclude Include="Components\Header Files\IRenderable.h">
      <Filter>Components\Header Files</Filter>
    </ClInclude>
    <ClInclude Include="Components\Header Files\NodeComponent.h">
      <Filter>Components\Header Files</Filter>
    </ClInclude>
    <ClInclude Include="Components\Header Files\NodeScriptComponent.h">
      <Filter>Components\Header Files</Filter>
    </ClInclude>
    <ClInclude Include="Components\Header Files\PhysicsComponent.h">
      <Filter>Components\Header Files</Filter>
    </ClInclude>
    <ClInclude Include="Components\Header Files\RenderComponent.h">
      <Filter>Components\Header Files</Filter>
    </ClInclude>
    <ClInclude Include="Components\Header Files\ScriptComponent.h">
      <Filter>Components\Header Files</Filter>
    </ClInclude>
    <ClInclude Include="Components\Header Files\SpecificComponent.h">
      <Filter>Components\Header Files</Filter>
    </ClInclude>
    <ClInclude Include="Events\Header Files\Event.h">
      <Filter>Events\Header Files</Filter>
    </ClInclude>
    <ClInclude Include="Events\Header Files\InputEvent.h">
      <Filter>Events\Header Files</Filter>
    </ClInclude>
    <ClInclude Include="Math\Header\Vector3.h">
      <Filter>Math\Header Files</Filter>
    </ClInclude>
    <ClInclude Include="Serialization\Header Files\NodeSerialization.h">
      <Filter>Serialization\Header Files</Filter>
    </ClInclude>
    <ClInclude Include="Utils\Header\DataTypeUtils.h">
      <Filter>Utils\Header Files</Filter>
    </ClInclude>
    <ClInclude Include="Core\Header Files\VGE.Core.h">
      <Filter>Core\Header Files</Filter>
    </ClInclude>
    <ClInclude Include="AI\Header Files\Agent.h">
      <Filter>AI\Header Files</Filter>
    </ClInclude>
    <ClInclude Include="AI\Header Files\ChatbotAgent.h">
      <Filter>AI\Header Files</Filter>
    </ClInclude>
    <ClInclude Include="AI\Header Files\DialogueManager.h">
      <Filter>AI\Header Files</Filter>
    </ClInclude>
    <ClInclude Include="AI\Header Files\KnowledgeBase.h">
      <Filter>AI\Header Files</Filter>
    </ClInclude>
    <ClInclude Include="AI\Header Files\Logger.h">
      <Filter>AI\Header Files</Filter>
    </ClInclude>
    <ClInclude Include="AI\Header Files\NLUComponent.h">
      <Filter>AI\Header Files</Filter>
    </ClInclude>
    <ClInclude Include="AI\Header Files\VGE.UIAIToolkit.h">
      <Filter>AI\Header Files</Filter>
    </ClInclude>
    <ClInclude Include="AI\Header Files\VGE.UILearningAgent.h">
      <Filter>AI\Header Files</Filter>
    </ClInclude>
    <ClInclude Include="AI\Header Files\VGE.UIPredictionEngine.h">
      <Filter>AI\Header Files</Filter>
    </ClInclude>
    <ClInclude Include="AI\Header Files\VGE.UISuggestionEngine.h">
      <Filter>AI\Header Files</Filter>
    </ClInclude>
    <ClInclude Include="Rendering\Renderers\Header Files\VGE.DirectXRenderer.h">
      <Filter>Rendering\Renderers\Header Files</Filter>
    </ClInclude>
    <ClInclude Include="Rendering\Renderers\Header Files\VGE.MetalRenderer.h">
      <Filter>Rendering\Renderers\Header Files</Filter>
    </ClInclude>
    <ClInclude Include="Rendering\Renderers\Header Files\VGE.OpenGLRenderer.h">
      <Filter>Rendering\Renderers\Header Files</Filter>
    </ClInclude>
    <ClInclude Include="Rendering\Renderers\Header Files\VGE.VulkanRenderer.h">
      <Filter>Rendering\Renderers\Header Files</Filter>
    </ClInclude>
    <ClInclude Include="Rendering\Shaders\Header Files\VGE.ShaderManager.h">
      <Filter>Rendering\Shaders\Header Files</Filter>
    </ClInclude>
    <ClInclude Include="Interfaces\Audio\Header Files\IAudioSource.h">
      <Filter>Interfaces\Audio\Header Files</Filter>
    </ClInclude>
    <ClInclude Include="Interfaces\General\Header Files\ICloneable.h">
      <Filter>Interfaces\General\Header Files</Filter>
    </ClInclude>
    <ClInclude Include="Interfaces\General\Header Files\IEditable.h">
      <Filter>Interfaces\General\Header Files</Filter>
    </ClInclude>
    <ClInclude Include="Interfaces\General\Header Files\ISelectable.h">
      <Filter>Interfaces\General\Header Files</Filter>
    </ClInclude>
    <ClInclude Include="Interfaces\General\Header Files\ISerializable.h">
      <Filter>Interfaces\General\Header Files</Filter>
    </ClInclude>
    <ClInclude Include="Interfaces\Network\Header Files\INetworkable.h">
      <Filter>Interfaces\Network\Header Files</Filter>
    </ClInclude>
    <ClInclude Include="Interfaces\UI\Header Files\IDraggable.h">
      <Filter>Interfaces\UI\Header Files</Filter>
    </ClInclude>
    <ClInclude Include="Interfaces\UI\Header Files\IResizable.h">
      <Filter>Interfaces\UI\Header Files</Filter>
    </ClInclude>
    <ClInclude Include="Interfaces\Scene\Header Files\ITransformable.h">
      <Filter>Interfaces\Scene\Header Files</Filter>
    </ClInclude>
    <ClInclude Include="Interfaces\Scene\Header Files\IUpdatable.h">
      <Filter>Interfaces\Scene\Header Files</Filter>
    </ClInclude>
    <ClInclude Include="Interfaces\Rendering\Header Files\IRenderable.h">
      <Filter>Interfaces\Rendering\Header Files</Filter>
    </ClInclude>
    <ClInclude Include="Interfaces\Rendering\Header Files\Renderer.h">
      <Filter>Interfaces\Rendering\Header Files</Filter>
    </ClInclude>
    <ClInclude Include="Interfaces\Physics\Header Files\IPhysicsObject.h">
      <Filter>Interfaces\Physics\Header Files</Filter>
    </ClInclude>
    <ClInclude Include="UI\Header Files\VGE.UIButton.h">
      <Filter>UI\Header Files</Filter>
    </ClInclude>
    <ClInclude Include="UI\Header Files\VGE.UICanvas.h">
      <Filter>UI\Header Files</Filter>
    </ClInclude>
    <ClInclude Include="UI\Header Files\VGE.UICheckbox.h">
      <Filter>UI\Header Files</Filter>
    </ClInclude>
    <ClInclude Include="UI\Header Files\VGE.UICodeEditor.h">
      <Filter>UI\Header Files</Filter>
    </ClInclude>
    <ClInclude Include="UI\Header Files\VGE.UIColorPicker.h">
      <Filter>UI\Header Files</Filter>
    </ClInclude>
    <ClInclude Include="UI\Header Files\VGE.UIContextMenu.h">
      <Filter>UI\Header Files</Filter>
    </ClInclude>
    <ClInclude Include="UI\Header Files\VGE.UICurveEditor.h">
      <Filter>UI\Header Files</Filter>
    </ClInclude>
    <ClInclude Include="UI\Header Files\VGE.UIDockingLayout.h">
      <Filter>UI\Header Files</Filter>
    </ClInclude>
    <ClInclude Include="UI\Header Files\VGE.UIDropdown.h">
      <Filter>UI\Header Files</Filter>
    </ClInclude>
    <ClInclude Include="UI\Header Files\VGE.UIElement.h">
      <Filter>UI\Header Files</Filter>
    </ClInclude>
    <ClInclude Include="UI\Header Files\VGE.UIFileDialog.h">
      <Filter>UI\Header Files</Filter>
    </ClInclude>
    <ClInclude Include="UI\Header Files\VGE.UIFlowLayout.h">
      <Filter>UI\Header Files</Filter>
    </ClInclude>
    <ClInclude Include="UI\Header Files\VGE.UIGridLayout.h">
      <Filter>UI\Header Files</Filter>
    </ClInclude>
    <ClInclude Include="UI\Header Files\VGE.UIGroupBox.h">
      <Filter>UI\Header Files</Filter>
    </ClInclude>
    <ClInclude Include="UI\Header Files\VGE.UIHorizontalBoxLayout.h">
      <Filter>UI\Header Files</Filter>
    </ClInclude>
    <ClInclude Include="UI\Header Files\VGE.UIImage.h">
      <Filter>UI\Header Files</Filter>
    </ClInclude>
    <ClInclude Include="UI\Header Files\VGE.UILabel.h">
      <Filter>UI\Header Files</Filter>
    </ClInclude>
    <ClInclude Include="UI\Header Files\VGE.UILayout.h">
      <Filter>UI\Header Files</Filter>
    </ClInclude>
    <ClInclude Include="UI\Header Files\VGE.UIListBox.h">
      <Filter>UI\Header Files</Filter>
    </ClInclude>
    <ClInclude Include="UI\Header Files\VGE.UIManager.h">
      <Filter>UI\Header Files</Filter>
    </ClInclude>
    <ClInclude Include="UI\Header Files\VGE.UIMenuBar.h">
      <Filter>UI\Header Files</Filter>
    </ClInclude>
    <ClInclude Include="UI\Header Files\VGE.UINodeGraphEditor.h">
      <Filter>UI\Header Files</Filter>
    </ClInclude>
    <ClInclude Include="UI\Header Files\VGE.UIPanel.h">
      <Filter>UI\Header Files</Filter>
    </ClInclude>
    <ClInclude Include="UI\Header Files\VGE.UIProgressBar.h">
      <Filter>UI\Header Files</Filter>
    </ClInclude>
    <ClInclude Include="UI\Header Files\VGE.UIPropertyGrid.h">
      <Filter>UI\Header Files</Filter>
    </ClInclude>
    <ClInclude Include="UI\Header Files\VGE.UIRadioButton.h">
      <Filter>UI\Header Files</Filter>
    </ClInclude>
    <ClInclude Include="UI\Header Files\VGE.UIScrollView.h">
      <Filter>UI\Header Files</Filter>
    </ClInclude>
    <ClInclude Include="UI\Header Files\VGE.UISeparator.h">
      <Filter>UI\Header Files</Filter>
    </ClInclude>
    <ClInclude Include="UI\Header Files\VGE.UISlider.h">
      <Filter>UI\Header Files</Filter>
    </ClInclude>
    <ClInclude Include="UI\Header Files\VGE.UISpinner.h">
      <Filter>UI\Header Files</Filter>
    </ClInclude>
    <ClInclude Include="UI\Header Files\VGE.UISplitter.h">
      <Filter>UI\Header Files</Filter>
    </ClInclude>
    <ClInclude Include="UI\Header Files\VGE.UIStatusBar.h">
      <Filter>UI\Header Files</Filter>
    </ClInclude>
    <ClInclude Include="UI\Header Files\VGE.UITab.h">
      <Filter>UI\Header Files</Filter>
    </ClInclude>
    <ClInclude Include="UI\Header Files\VGE.UITabControl.h">
      <Filter>UI\Header Files</Filter>
    </ClInclude>
    <ClInclude Include="UI\Header Files\VGE.UITextBox.h">
      <Filter>UI\Header Files</Filter>
    </ClInclude>
    <ClInclude Include="UI\Header Files\VGE.UIToolbar.h">
      <Filter>UI\Header Files</Filter>
    </ClInclude>
    <ClInclude Include="UI\Header Files\VGE.UITooltip.h">
      <Filter>UI\Header Files</Filter>
    </ClInclude>
    <ClInclude Include="UI\Header Files\VGE.UITreeView.h">
      <Filter>UI\Header Files</Filter>
    </ClInclude>
    <ClInclude Include="UI\Header Files\VGE.UIVerticalBoxLayout.h">
      <Filter>UI\Header Files</Filter>
    </ClInclude>
    <ClInclude Include="UI\Header Files\VGE.UIWindow.h">
      <Filter>UI\Header Files</Filter>
    </ClInclude>
    <ClInclude Include="Scene\Components\Header Files\NodeConnections.h">
      <Filter>Scene\Components\Header Files</Filter>
    </ClInclude>
    <ClInclude Include="Scene\Components\Header Files\NodeData.h">
      <Filter>Scene\Components\Header Files</Filter>
    </ClInclude>
    <ClInclude Include="Scene\Components\Header Files\NodeDataType.h">
      <Filter>Scene\Components\Header Files</Filter>
    </ClInclude>
    <ClInclude Include="Scene\Components\Header Files\NodeExecution.h">
      <Filter>Scene\Components\Header Files</Filter>
    </ClInclude>
    <ClInclude Include="Scene\Components\Header Files\NodeStates.h">
      <Filter>Scene\Components\Header Files</Filter>
    </ClInclude>
    <ClInclude Include="Scene\Components\Header Files\NodeVisuals.h">
      <Filter>Scene\Components\Header Files</Filter>
    </ClInclude>
    <ClInclude Include="Scene\Components\Header Files\NodeEvents.h">
      <Filter>Scene\Components\Header Files</Filter>
    </ClInclude>
    <ClInclude Include="Scene\Components\Header Files\NodeActions.h">
      <Filter>Scene\Components\Header Files</Filter>
    </ClInclude>
    <ClInclude Include="Scene\Components\Header Files\NodeProperties.h">
      <Filter>Scene\Components\Header Files</Filter>
    </ClInclude>
    <ClInclude Include="Scene\Components\Header Files\NodeChildren.h">
      <Filter>Scene\Components\Header Files</Filter>
    </ClInclude>
    <ClInclude Include="AI\Header Files\Pathfinding.h">
      <Filter>AI\Header Files</Filter>
    </ClInclude>
    <ClInclude Include="AI\Header Files\NLUResult.h">
      <Filter>AI\Header Files</Filter>
    </ClInclude>
    <ClInclude Include="Scripting\Graph\Header Files\Graph.h">
      <Filter>Scripting\Graph\Header Files</Filter>
    </ClInclude>
    <ClInclude Include="Scripting\Graph\Header Files\GraphConnection.h">
      <Filter>Scripting\Graph\Header Files</Filter>
    </ClInclude>
    <ClInclude Include="Scripting\Graph\Header Files\GraphEvent.h">
      <Filter>Scripting\Graph\Header Files</Filter>
    </ClInclude>
    <ClInclude Include="Scripting\Graph\Header Files\GraphExecutor.h">
      <Filter>Scripting\Graph\Header Files</Filter>
    </ClInclude>
    <ClInclude Include="Scripting\Graph\Header Files\GraphLayout.h">
      <Filter>Scripting\Graph\Header Files</Filter>
    </ClInclude>
    <ClInclude Include="Scripting\Graph\Header Files\GraphNode.h">
      <Filter>Scripting\Graph\Header Files</Filter>
    </ClInclude>
    <ClInclude Include="Scripting\Graph\Header Files\GraphPin.h">
      <Filter>Scripting\Graph\Header Files</Filter>
    </ClInclude>
    <ClInclude Include="Scripting\Graph\Header Files\GraphSerializer.h">
      <Filter>Scripting\Graph\Header Files</Filter>
    </ClInclude>
    <ClInclude Include="Scripting\Graph\Header Files\VisualScriptingGraph.h">
      <Filter>Scripting\Graph\Header Files</Filter>
    </ClInclude>
    <ClInclude Include="Scripting\Scripting Engines\Header Files\AngelScriptScriptingEngine.h">
      <Filter>Scripting\Scripting Engines\Header Files</Filter>
    </ClInclude>
    <ClInclude Include="Scripting\Scripting Engines\Header Files\CSharpScriptingEngine.h">
      <Filter>Scripting\Scripting Engines\Header Files</Filter>
    </ClInclude>
    <ClInclude Include="Scripting\Scripting Engines\Header Files\GameMonkeyScriptScriptingEngine.h">
      <Filter>Scripting\Scripting Engines\Header Files</Filter>
    </ClInclude>
    <ClInclude Include="Scripting\Scripting Engines\Header Files\Html5ScriptingEngine.h">
      <Filter>Scripting\Scripting Engines\Header Files</Filter>
    </ClInclude>
    <ClInclude Include="Scripting\Scripting Engines\Header Files\JavaScriptScriptingEngine.h">
      <Filter>Scripting\Scripting Engines\Header Files</Filter>
    </ClInclude>
    <ClInclude Include="Scripting\Scripting Engines\Header Files\LuaScriptingEngine.h">
      <Filter>Scripting\Scripting Engines\Header Files</Filter>
    </ClInclude>
    <ClInclude Include="Scripting\Scripting Engines\Header Files\PawnScriptingEngine.h">
      <Filter>Scripting\Scripting Engines\Header Files</Filter>
    </ClInclude>
    <ClInclude Include="Scripting\Scripting Engines\Header Files\PythonScriptingEngine.h">
      <Filter>Scripting\Scripting Engines\Header Files</Filter>
    </ClInclude>
    <ClInclude Include="Scripting\Scripting Engines\Header Files\RubyScriptingEngine.h">
      <Filter>Scripting\Scripting Engines\Header Files</Filter>
    </ClInclude>
    <ClInclude Include="Scripting\Scripting Engines\Header Files\ScriptingEngine.h">
      <Filter>Scripting\Scripting Engines\Header Files</Filter>
    </ClInclude>
    <ClInclude Include="Scripting\Scripting Engines\Header Files\SquirrelScriptingEngine.h">
      <Filter>Scripting\Scripting Engines\Header Files</Filter>
    </ClInclude>
    <ClInclude Include="Scripting\Scripting Engines\Header Files\VersaScriptingEngine.h">
      <Filter>Scripting\Scripting Engines\Header Files</Filter>
    </ClInclude>
    <ClInclude Include="Scripting\Scripting Engines\Header Files\WebAssemblyScriptingEngine.h">
      <Filter>Scripting\Scripting Engines\Header Files</Filter>
    </ClInclude>
    <ClInclude Include="Scene\General\Header Files\EventNode.h">
      <Filter>Scene\General\Header Files</Filter>
    </ClInclude>
    <ClInclude Include="Scene\General\Header Files\ISelectable.h">
      <Filter>Scene\General\Header Files</Filter>
    </ClInclude>
    <ClInclude Include="Scene\General\Header Files\NodeComponent.h">
      <Filter>Scene\General\Header Files</Filter>
    </ClInclude>
    <ClInclude Include="Scene\General\Header Files\NodeSerialization.h">
      <Filter>Scene\General\Header Files</Filter>
    </ClInclude>
    <ClInclude Include="Scene\General\Header Files\VariableNode.h">
      <Filter>Scene\General\Header Files</Filter>
    </ClInclude>
    <ClInclude Include="Scene\Scene Graph\Header Files\SceneConnection.h">
      <Filter>Scene\Scene Graph\Header Files</Filter>
    </ClInclude>
    <ClInclude Include="Scene\Scene Graph\Header Files\SceneEvent.h">
      <Filter>Scene\Scene Graph\Header Files</Filter>
    </ClInclude>
    <ClInclude Include="Scene\Scene Graph\Header Files\SceneNode.h">
      <Filter>Scene\Scene Graph\Header Files</Filter>
    </ClInclude>
    <ClInclude Include="Scene\Scene Graph\Header Files\ScenePin.h">
      <Filter>Scene\Scene Graph\Header Files</Filter>
    </ClInclude>
    <ClInclude Include="UI\Header Files\VGE.TextAlignment.h">
      <Filter>UI\Header Files</Filter>
    </ClInclude>
    <ClInclude Include="UI\Header Files\VGE.TextWrapping.h">
      <Filter>UI\Header Files</Filter>
    </ClInclude>
    <ClInclude Include="UI\Header Files\VGE.TextOverflow.h">
      <Filter>UI\Header Files</Filter>
    </ClInclude>
    <ClInclude Include="UI\Header Files\VGE.TextClipping.h">
      <Filter>UI\Header Files</Filter>
    </ClInclude>
    <ClInclude Include="UI\Header Files\VGE.TextTransformation.h">
      <Filter>UI\Header Files</Filter>
    </ClInclude>
    <ClInclude Include="Scripting\Graph\Header Files\GraphVisuals.h">
      <Filter>Scripting\Graph\Header Files</Filter>
    </ClInclude>
  </ItemGroup>
  <ItemGroup>
    <ClCompile Include="Components\Source Files\Component.cpp">
      <Filter>Components\Source Files</Filter>
    </ClCompile>
    <ClCompile Include="Components\Source Files\NodeComponent.cpp">
      <Filter>Components\Source Files</Filter>
    </ClCompile>
    <ClCompile Include="Components\Source Files\RenderComponent.cpp">
      <Filter>Components\Source Files</Filter>
    </ClCompile>
    <ClCompile Include="Components\Source Files\ScriptComponent.cpp">
      <Filter>Components\Source Files</Filter>
    </ClCompile>
    <ClCompile Include="Components\Source Files\SpecificComponent.cpp">
      <Filter>Components\Source Files</Filter>
    </ClCompile>
    <ClCompile Include="Data Structures\Source Files\DataStructures.cpp">
      <Filter>Data Structures\Source Files</Filter>
    </ClCompile>
    <ClCompile Include="Serialization\Source Files\NodeSerialization.cpp">
      <Filter>Serialization\Source Files</Filter>
    </ClCompile>
    <ClCompile Include="AI\Source Files\Agent.cpp">
      <Filter>AI\Source Files</Filter>
    </ClCompile>
    <ClCompile Include="AI\Source Files\BehaviorTrees.cpp">
      <Filter>AI\Source Files</Filter>
    </ClCompile>
    <ClCompile Include="AI\Source Files\ChatbotAgent.cpp">
      <Filter>AI\Source Files</Filter>
    </ClCompile>
    <ClCompile Include="AI\Source Files\DecisionMaking.cpp">
      <Filter>AI\Source Files</Filter>
    </ClCompile>
    <ClCompile Include="AI\Source Files\FiniteStateMachines.cpp">
      <Filter>AI\Source Files</Filter>
    </ClCompile>
    <ClCompile Include="AI\Source Files\GOAP.cpp">
      <Filter>AI\Source Files</Filter>
    </ClCompile>
    <ClCompile Include="AI\Source Files\GroupBehavior.cpp">
      <Filter>AI\Source Files</Filter>
    </ClCompile>
    <ClCompile Include="AI\Source Files\LearningAI.cpp">
      <Filter>AI\Source Files</Filter>
    </ClCompile>
    <ClCompile Include="AI\Source Files\Pathfinding.cpp">
      <Filter>AI\Source Files</Filter>
    </ClCompile>
    <ClCompile Include="AI\Source Files\PersonalityandEmotion.cpp">
      <Filter>AI\Source Files</Filter>
    </ClCompile>
    <ClCompile Include="AI\Source Files\SensoryPerception.cpp">
      <Filter>AI\Source Files</Filter>
    </ClCompile>
    <ClCompile Include="Rendering\Renderers\Source Files\VGE.OpenGLRenderer.cpp">
      <Filter>Rendering\Renderers\Source Files</Filter>
    </ClCompile>
    <ClCompile Include="Rendering\Shaders\Source Files\VGE.ShaderManager.cpp">
      <Filter>Rendering\Shaders\Source Files</Filter>
    </ClCompile>
    <ClCompile Include="Interfaces\General\Source Files\ISelectable.cpp">
      <Filter>Interfaces\General\Source Files</Filter>
    </ClCompile>
    <ClCompile Include="UI\Source Files\UILabel.cpp">
      <Filter>UI\Source Files</Filter>
    </ClCompile>
    <ClCompile Include="UI\Source Files\VGE.UIWindow.cpp">
      <Filter>UI\Source Files</Filter>
    </ClCompile>
    <ClCompile Include="Scripting\Graph\Source Files\Graph.cpp">
      <Filter>Scripting\Graph\Source Files</Filter>
    </ClCompile>
    <ClCompile Include="Scripting\Graph\Source Files\GraphExecutor.cpp">
      <Filter>Scripting\Graph\Source Files</Filter>
    </ClCompile>
    <ClCompile Include="Scripting\Graph\Source Files\GraphLayout.cpp">
      <Filter>Scripting\Graph\Source Files</Filter>
    </ClCompile>
    <ClCompile Include="Scripting\Graph\Source Files\GraphSerializer.cpp">
      <Filter>Scripting\Graph\Source Files</Filter>
    </ClCompile>
    <ClCompile Include="Scripting\Scripting Engines\Source Files\LuaScriptingEngine.cpp">
      <Filter>Scripting\Scripting Engines\Source Files</Filter>
    </ClCompile>
    <ClCompile Include="Scripting\Scripting Engines\Source Files\ScriptingEngine.cpp">
      <Filter>Scripting\Scripting Engines\Source Files</Filter>
    </ClCompile>
    <ClCompile Include="Scene\General\Source Files\Connection.cpp">
      <Filter>Scene\General\Source Files</Filter>
    </ClCompile>
    <ClCompile Include="Scene\General\Source Files\Node.cpp">
      <Filter>Scene\General\Source Files</Filter>
    </ClCompile>
    <ClCompile Include="Scene\General\Source Files\NodeComponent.cpp">
      <Filter>Scene\General\Source Files</Filter>
    </ClCompile>
    <ClCompile Include="Scene\General\Source Files\NodeConnections.cpp">
      <Filter>Scene\General\Source Files</Filter>
    </ClCompile>
    <ClCompile Include="Scene\General\Source Files\NodeData.cpp">
      <Filter>Scene\General\Source Files</Filter>
    </ClCompile>
    <ClCompile Include="Scene\General\Source Files\NodeExecution.cpp">
      <Filter>Scene\General\Source Files</Filter>
    </ClCompile>
    <ClCompile Include="Scene\General\Source Files\NodeSerialization.cpp">
      <Filter>Scene\General\Source Files</Filter>
    </ClCompile>
    <ClCompile Include="UI\Source Files\VGE.UIButton.cpp">
      <Filter>UI\Source Files</Filter>
    </ClCompile>
    <ClCompile Include="UI\Source Files\VGE.UIElement.cpp">
      <Filter>UI\Source Files</Filter>
    </ClCompile>
    <ClCompile Include="UI\Source Files\VGE.UICanvas.cpp">
      <Filter>UI\Source Files</Filter>
    </ClCompile>
  </ItemGroup>
</Project>